
Microsoft Visual Studio Solution File, Format Version 12.00
# Visual Studio 2013
VisualStudioVersion = 12.0.30501.0
MinimumVisualStudioVersion = 10.0.40219.1
Project("{FAE04EC0-301F-11D3-BF4B-00C04F79EFBC}") = "PlacesAPI", "PlacesAPI\PlacesAPI.csproj", "{EB965B1D-D1B7-4480-B62B-D5451C2B780E}"
EndProject
Project("{FAE04EC0-301F-11D3-BF4B-00C04F79EFBC}") = "DataRetrieval", "DataRetrieval\DataRetrieval.csproj", "{1A8F5CE9-4EFD-4F46-8182-1DA3E0DC96F4}"
EndProject
Global
	GlobalSection(SolutionConfigurationPlatforms) = preSolution
		Debug|Any CPU = Debug|Any CPU
		Release|Any CPU = Release|Any CPU
	EndGlobalSection
	GlobalSection(ProjectConfigurationPlatforms) = postSolution
		{EB965B1D-D1B7-4480-B62B-D5451C2B780E}.Debug|Any CPU.ActiveCfg = Debug|Any CPU
		{EB965B1D-D1B7-4480-B62B-D5451C2B780E}.Debug|Any CPU.Build.0 = Debug|Any CPU
		{EB965B1D-D1B7-4480-B62B-D5451C2B780E}.Release|Any CPU.ActiveCfg = Release|Any CPU
		{EB965B1D-D1B7-4480-B62B-D5451C2B780E}.Release|Any CPU.Build.0 = Release|Any CPU
		{1A8F5CE9-4EFD-4F46-8182-1DA3E0DC96F4}.Debug|Any CPU.ActiveCfg = Debug|Any CPU
		{1A8F5CE9-4EFD-4F46-8182-1DA3E0DC96F4}.Debug|Any CPU.Build.0 = Debug|Any CPU
		{1A8F5CE9-4EFD-4F46-8182-1DA3E0DC96F4}.Release|Any CPU.ActiveCfg = Release|Any CPU
		{1A8F5CE9-4EFD-4F46-8182-1DA3E0DC96F4}.Release|Any CPU.Build.0 = Release|Any CPU
	EndGlobalSection
	GlobalSection(SolutionProperties) = preSolution
		HideSolutionNode = FALSE
	EndGlobalSection
EndGlobal
